{
  "requires": true,
  "lockfileVersion": 1,
  "dependencies": {
    "atob": {
      "version": "2.1.2",
      "resolved": "https://registry.npmjs.org/atob/-/atob-2.1.2.tgz",
      "integrity": "sha512-Wm6ukoaOGJi/73p/cl2GvLjTI5JM1k/O14isD73YML8StrH/7/lRFgmg8nICZgD3bZZvjwCGxtMOD3wWNAu8cg=="
    },
    "boom": {
      "version": "7.2.2",
      "resolved": "https://registry.npmjs.org/boom/-/boom-7.2.2.tgz",
      "integrity": "sha512-IFUbOa8PS7xqmhIjpeStwT3d09hGkNYQ6aj2iELSTxcVs2u0aKn1NzhkdUQSzsRg1FVkj3uit3I6mXQCBixw+A==",
      "requires": {
        "hoek": "6.x.x"
      }
    },
    "cached-path-relative": {
      "version": "1.0.2",
      "resolved": "https://registry.npmjs.org/cached-path-relative/-/cached-path-relative-1.0.2.tgz",
      "integrity": "sha512-5r2GqsoEb4qMTTN9J+WzXfjov+hjxT+j3u5K+kIVNIwAd99DLCJE9pBIMP1qVeybV6JiijL385Oz0DcYxfbOIg=="
    },
    "cryptiles": {
      "version": "4.1.3",
      "resolved": "https://registry.npmjs.org/cryptiles/-/cryptiles-4.1.3.tgz",
      "integrity": "sha512-gT9nyTMSUC1JnziQpPbxKGBbUg8VL7Zn2NB4E1cJYvuXdElHrwxrV9bmltZGDzet45zSDGyYceueke1TjynGzw==",
      "requires": {
        "boom": "7.x.x"
      }
    },
    "hoek": {
      "version": "6.0.4",
      "resolved": "https://registry.npmjs.org/hoek/-/hoek-6.0.4.tgz",
      "integrity": "sha512-9D47elppcwrTx2x9B6TrovxnUtlTBYFcHGgo0+LRA1+YfUkCecT//41ovdh6zbl7whB9Hc2whRO1c6lzPoTgww=="
    },
    "is-number": {
      "version": "4.0.0",
      "resolved": "https://registry.npmjs.org/is-number/-/is-number-4.0.0.tgz",
      "integrity": "sha512-rSklcAIlf1OmFdyAqbnWTLVelsQ58uvZ66S/ZyawjWqIviTWCjg2PzVGw8WUA+nNuPTqb4wgA+NszrJ+08LlgQ=="
    },
    "kind-of": {
      "version": "6.0.2",
      "resolved": "https://registry.npmjs.org/kind-of/-/kind-of-6.0.2.tgz",
      "integrity": "sha512-s5kLOcnH0XqDO+FvuaLX8DDjZ18CGFk7VygH40QoKPUQhW4e2rvM0rwUq0t8IQDOwYSeLK01U90OjzBTme2QqA=="
    },
    "math-random": {
      "version": "1.0.1",
      "resolved": "https://registry.npmjs.org/math-random/-/math-random-1.0.1.tgz",
      "integrity": "sha1-izqsWIuKZuSXXjzepn97sylgH6w="
    },
    "randomatic": {
      "version": "3.1.1",
      "resolved": "https://registry.npmjs.org/randomatic/-/randomatic-3.1.1.tgz",
      "integrity": "sha512-TuDE5KxZ0J461RVjrJZCJc+J+zCkTb1MbH9AQUq68sMhOMcy9jLcb3BrZKgp9q9Ncltdg4QVqWrH02W2EFFVYw==",
      "requires": {
        "is-number": "^4.0.0",
        "kind-of": "^6.0.0",
        "math-random": "^1.0.1"
      }
    },
    "timespan": {
      "version": "2.3.0",
      "resolved": "https://registry.npmjs.org/timespan/-/timespan-2.3.0.tgz",
      "integrity": "sha1-SQLOBAvRPYRcj1myfp1ZutbzmSk=",
      "dev": true
    }
  }
}
